
Microsoft Visual Studio Solution File, Format Version 12.00
# Visual Studio Version 17
VisualStudioVersion = 17.5.33502.453
MinimumVisualStudioVersion = 10.0.40219.1
Project("{FAE04EC0-301F-11D3-BF4B-00C04F79EFBC}") = "OkulSistemi", "OkulSistemi\OkulSistemi.csproj", "{0B9C2F8A-3F22-4738-A7F5-BB1FE68A789C}"
EndProject
Global
	GlobalSection(SolutionConfigurationPlatforms) = preSolution
		Debug|Any CPU = Debug|Any CPU
		Release|Any CPU = Release|Any CPU
	EndGlobalSection
	GlobalSection(ProjectConfigurationPlatforms) = postSolution
		{0B9C2F8A-3F22-4738-A7F5-BB1FE68A789C}.Debug|Any CPU.ActiveCfg = Debug|Any CPU
		{0B9C2F8A-3F22-4738-A7F5-BB1FE68A789C}.Debug|Any CPU.Build.0 = Debug|Any CPU
		{0B9C2F8A-3F22-4738-A7F5-BB1FE68A789C}.Release|Any CPU.ActiveCfg = Release|Any CPU
		{0B9C2F8A-3F22-4738-A7F5-BB1FE68A789C}.Release|Any CPU.Build.0 = Release|Any CPU
	EndGlobalSection
	GlobalSection(SolutionProperties) = preSolution
		HideSolutionNode = FALSE
	EndGlobalSection
	GlobalSection(ExtensibilityGlobals) = postSolution
		SolutionGuid = {E4D895A5-7824-4506-9F60-960FF9C7240F}
	EndGlobalSection
EndGlobal
